
Microsoft Visual Studio Solution File, Format Version 12.00
# Visual Studio Version 16
VisualStudioVersion = 16.0.30413.136
MinimumVisualStudioVersion = 10.0.40219.1
Project("{FAE04EC0-301F-11D3-BF4B-00C04F79EFBC}") = "MoviePlex", "MoviePlex.csproj", "{1EB8CFEA-B3E4-4436-9C7B-C73B9AA75061}"
EndProject
Global
	GlobalSection(SolutionConfigurationPlatforms) = preSolution
		Debug|Any CPU = Debug|Any CPU
		Release|Any CPU = Release|Any CPU
	EndGlobalSection
	GlobalSection(ProjectConfigurationPlatforms) = postSolution
		{1EB8CFEA-B3E4-4436-9C7B-C73B9AA75061}.Debug|Any CPU.ActiveCfg = Debug|Any CPU
		{1EB8CFEA-B3E4-4436-9C7B-C73B9AA75061}.Debug|Any CPU.Build.0 = Debug|Any CPU
		{1EB8CFEA-B3E4-4436-9C7B-C73B9AA75061}.Release|Any CPU.ActiveCfg = Release|Any CPU
		{1EB8CFEA-B3E4-4436-9C7B-C73B9AA75061}.Release|Any CPU.Build.0 = Release|Any CPU
	EndGlobalSection
	GlobalSection(SolutionProperties) = preSolution
		HideSolutionNode = FALSE
	EndGlobalSection
	GlobalSection(ExtensibilityGlobals) = postSolution
		SolutionGuid = {F520E2C3-E5F3-4C1C-864F-CBC51C91FACD}
	EndGlobalSection
EndGlobal
